{
  "version": "v1alpha1",
  "configDigest": "09c792d932d37ad2f6db6b761977fa2d754e1a3fa78dccabbe3532c1ed4a9918",
  "source": {
    "canonicalUri": "sdkgen://source/openapi.json",
    "sha256": "e24a26de4188fd64dec4c043d5d3726277fdcb07556a493ea481c305b0a223d8",
    "contentLength": 7866866,
    "references": []
  },
  "overlays": [],
  "generator": {
    "version": "0.2.1-SNAPSHOT",
    "edition": "community"
  },
  "compatibilityProfiles": [],
  "plugins": [],
  "tools": [
    {
      "id": "kotlinpoet",
      "version": "2.3.0"
    }
  ]
}
