{
  "version": "v1alpha1",
  "configDigest": "efe5aeb43ada0b4f91d399c307432c56640a411d15283b5b7b84fb767d5303c5",
  "source": {
    "canonicalUri": "sdkgen://source/openapi.yaml",
    "sha256": "e82c9040600b8c744cd35869ffe26aab1554136ab352da7686b92b3560ff075f",
    "contentLength": 7991,
    "references": []
  },
  "overlays": [],
  "generator": {
    "version": "0.4.0-SNAPSHOT",
    "edition": "community"
  },
  "compatibilityProfiles": [],
  "plugins": [],
  "tools": [
    {
      "id": "kotlinpoet",
      "version": "2.3.0"
    }
  ]
}
