{
  "version": "v1alpha1",
  "configDigest": "ba6d17a24068ede752c2875b773a2d007209a20fe250ed207a774e9ac6ac5c77",
  "source": {
    "canonicalUri": "sdkgen://source/openapi.yaml",
    "sha256": "dded4479630d80330121116f80bba85040ec52f0f85e5530691e40a5c7698dd5",
    "contentLength": 3091,
    "references": []
  },
  "overlays": [],
  "generator": {
    "version": "0.2.1-SNAPSHOT",
    "edition": "community"
  },
  "compatibilityProfiles": [],
  "plugins": [],
  "tools": [
    {
      "id": "kotlinpoet",
      "version": "2.3.0"
    }
  ]
}
