{
  "version": "v1alpha1",
  "configDigest": "ca8ba688d769e6da4798fb575b9348f15d2d037558fe857807a4ab5a7be1d1fc",
  "source": {
    "canonicalUri": "sdkgen://source/openapi.yaml",
    "sha256": "b901d462e355e54b90ee2320bf7f18d0cb8edea857d5cdd8623d704f77a9eb47",
    "contentLength": 1203455,
    "references": []
  },
  "overlays": [
    {
      "id": "openrouter-full-spec-compat",
      "canonicalUri": "sdkgen://overlay/openrouter-full-spec-compat",
      "sha256": "a3a19d6525e6420cf2385a4f559f7bfdfa301e4ec9d33f425a2443146775bdfb"
    }
  ],
  "generator": {
    "version": "0.1.0-alpha.1",
    "edition": "community"
  },
  "compatibilityProfiles": [],
  "plugins": [],
  "tools": [
    {
      "id": "kotlinpoet",
      "version": "2.3.0"
    }
  ]
}
