{
  "version": "v1alpha1",
  "configDigest": "473455561080a53bc4850ce148a9449d68ceb17a56013adaf6e3194e3990682a",
  "source": {
    "canonicalUri": "sdkgen://source/openapi.yaml",
    "sha256": "b901d462e355e54b90ee2320bf7f18d0cb8edea857d5cdd8623d704f77a9eb47",
    "contentLength": 1203455,
    "references": []
  },
  "overlays": [
    {
      "id": "openrouter-allof-resolution-audit",
      "canonicalUri": "sdkgen://overlay/openrouter-allof-resolution-audit",
      "sha256": "f8bc7a924cf9bc0af7ac54abc8a933037d0c30631b7bf690884ba3dfcd5cb6d0"
    },
    {
      "id": "openrouter-full-spec-compat",
      "canonicalUri": "sdkgen://overlay/openrouter-full-spec-compat",
      "sha256": "798d9e434ff3d7e3334cae329192d1e9f7eafbb5e69f8cb3182df41d6441cfa0"
    }
  ],
  "generator": {
    "version": "0.4.0-SNAPSHOT",
    "edition": "community"
  },
  "compatibilityProfiles": [],
  "plugins": [],
  "tools": [
    {
      "id": "kotlinpoet",
      "version": "2.3.0"
    }
  ]
}
