{
  "version": "v1alpha1",
  "configDigest": "4c2395b17adf82080ab66a7f833880f76c7f58fae4397eafdf226386c57901a1",
  "source": {
    "canonicalUri": "sdkgen://source/openapi.yaml",
    "sha256": "b901d462e355e54b90ee2320bf7f18d0cb8edea857d5cdd8623d704f77a9eb47",
    "contentLength": 1203455,
    "references": []
  },
  "overlays": [
    {
      "id": "openrouter-full-spec-compat",
      "canonicalUri": "sdkgen://overlay/openrouter-full-spec-compat",
      "sha256": "f6f1916254474e974484ab516e3cd29f81902783f617a48f3034652b6628f8c2"
    }
  ],
  "generator": {
    "version": "0.2.1-SNAPSHOT",
    "edition": "community"
  },
  "compatibilityProfiles": [],
  "plugins": [],
  "tools": [
    {
      "id": "kotlinpoet",
      "version": "2.3.0"
    }
  ]
}
