{
  "version": "v1alpha1",
  "configDigest": "18da2c4ae6c2135ceff60e28069ed86304088884f9b58af7a671a3d33e34074e",
  "source": {
    "canonicalUri": "sdkgen://source/openapi.yaml",
    "sha256": "350102b39f8575f9ef0eb7db96fc2f80f5cbfefbfbaf64d243bc696348d00b63",
    "contentLength": 9718738,
    "references": []
  },
  "overlays": [
    {
      "id": "github-code-search-runtime-semantics",
      "canonicalUri": "sdkgen://overlay/github-code-search-runtime-semantics",
      "sha256": "4bb4eb28ee5b424cea50c9ea92047ed35e49282273800ab7e1ab4cd83b083288"
    },
    {
      "id": "github-allof-resolution-audit",
      "canonicalUri": "sdkgen://overlay/github-allof-resolution-audit",
      "sha256": "3f190ddaa20e9b0ca074e6c82b61d7ff1911df25586cc1f1ffa38a18b35e78f3"
    }
  ],
  "generator": {
    "version": "0.3.0-SNAPSHOT",
    "edition": "community"
  },
  "compatibilityProfiles": [],
  "plugins": [],
  "tools": [
    {
      "id": "kotlinpoet",
      "version": "2.3.0"
    }
  ]
}
